
Microsoft Visual Studio Solution File, Format Version 10.00
# Visual Studio 2008
Project("{8BC9CEB8-8B4A-11D0-8D11-00A0C91BC942}") = "SettingsBaseServerMetaPlugin", "Server\Plugins\SettingsBaseServer\SettingsBaseServer.vcproj", "{B6134D38-243C-3280-BD22-C4CDEA409A0D}"
EndProject
Project("{8BC9CEB8-8B4A-11D0-8D11-00A0C91BC942}") = "TreeBaseServerMetaPlugin", "Server\Plugins\TreeBaseServer\TreeBaseServer.vcproj", "{6AF4FF5E-CEF7-3C40-A547-4AB800F82234}"
EndProject
Project("{8BC9CEB8-8B4A-11D0-8D11-00A0C91BC942}") = "UserBaseServerMetaPlugin", "Server\Plugins\UserBaseServer\UserBaseServer.vcproj", "{C17E3B1A-0566-3E5E-AEB4-5FA8FFE1BEC4}"
EndProject
Project("{8BC9CEB8-8B4A-11D0-8D11-00A0C91BC942}") = "SettingsBaseClientMetaPlugin", "Client\Plugins\SettingsBaseClient\SettingsBaseClient.vcproj", "{6587D315-BB92-3E64-BA6E-6C99D05772FF}"
EndProject
Project("{8BC9CEB8-8B4A-11D0-8D11-00A0C91BC942}") = "TreeBaseClientMetaPlugin", "Client\Plugins\TreeBaseClient\TreeBaseClient.vcproj", "{B596831A-D492-367F-A278-AF0B5E9DEBB9}"
EndProject
Project("{8BC9CEB8-8B4A-11D0-8D11-00A0C91BC942}") = "UserBaseClientMetaPlugin", "Client\Plugins\UserBaseClient\UserBaseClient.vcproj", "{37E1DC7E-E545-3A6E-BCF1-BEFBD5B31B76}"
EndProject
Project("{8BC9CEB8-8B4A-11D0-8D11-00A0C91BC942}") = "HorusXconf", "Installer\Configuration\HorusXconf\HorusXconf.vcproj", "{F4EA33DB-FC7C-32A2-9CB5-ED96FD431E19}"
EndProject
Project("{8BC9CEB8-8B4A-11D0-8D11-00A0C91BC942}") = "Horus_Server", "Server\Horus_Server.vcproj", "{6AECEB4F-86FF-3D1B-AA1E-D3316F1E5AD2}"
EndProject
Project("{8BC9CEB8-8B4A-11D0-8D11-00A0C91BC942}") = "Horus_Client", "Client\Horus_Client.vcproj", "{8C64C7C9-BDE0-3BA6-8F20-6B60567310CC}"
EndProject
Project("{930C7802-8A8C-48F9-8165-68863BCCD9DD}") = "HorusInstaller", "..\bin\Windows\HorusInstaller.wixproj", "{0D91E501-89D1-432C-8608-6232AFB53CE1}"
	ProjectSection(ProjectDependencies) = postProject
		{6587D315-BB92-3E64-BA6E-6C99D05772FF} = {6587D315-BB92-3E64-BA6E-6C99D05772FF}
		{B596831A-D492-367F-A278-AF0B5E9DEBB9} = {B596831A-D492-367F-A278-AF0B5E9DEBB9}
		{BCB69144-277A-3A08-9AED-E527BF576EA5} = {BCB69144-277A-3A08-9AED-E527BF576EA5}
		{CBAD534B-A675-3504-9AD5-1224D1A5CEDE} = {CBAD534B-A675-3504-9AD5-1224D1A5CEDE}
		{37E1DC7E-E545-3A6E-BCF1-BEFBD5B31B76} = {37E1DC7E-E545-3A6E-BCF1-BEFBD5B31B76}
		{8C64C7C9-BDE0-3BA6-8F20-6B60567310CC} = {8C64C7C9-BDE0-3BA6-8F20-6B60567310CC}
	EndProjectSection
EndProject
Project("{930C7802-8A8C-48F9-8165-68863BCCD9DD}") = "HorusServerInstaller", "..\bin\Windows\HorusServerInstaller.wixproj", "{BE8DB472-B53B-4617-AAD9-8FFE5E21693F}"
	ProjectSection(ProjectDependencies) = postProject
		{C17E3B1A-0566-3E5E-AEB4-5FA8FFE1BEC4} = {C17E3B1A-0566-3E5E-AEB4-5FA8FFE1BEC4}
		{B6134D38-243C-3280-BD22-C4CDEA409A0D} = {B6134D38-243C-3280-BD22-C4CDEA409A0D}
		{6AECEB4F-86FF-3D1B-AA1E-D3316F1E5AD2} = {6AECEB4F-86FF-3D1B-AA1E-D3316F1E5AD2}
		{6AF4FF5E-CEF7-3C40-A547-4AB800F82234} = {6AF4FF5E-CEF7-3C40-A547-4AB800F82234}
		{F4EA33DB-FC7C-32A2-9CB5-ED96FD431E19} = {F4EA33DB-FC7C-32A2-9CB5-ED96FD431E19}
	EndProjectSection
EndProject
Project("{8BC9CEB8-8B4A-11D0-8D11-00A0C91BC942}") = "Administrationv2", "Client\Plugins\Administrationv2\administrationv2.vcproj", "{BCB69144-277A-3A08-9AED-E527BF576EA5}"
EndProject
Project("{8BC9CEB8-8B4A-11D0-8D11-00A0C91BC942}") = "News", "Client\Plugins\News\News.vcproj", "{CBAD534B-A675-3504-9AD5-1224D1A5CEDE}"
EndProject
Global
	GlobalSection(SolutionConfigurationPlatforms) = preSolution
		Debug|Mixed Platforms = Debug|Mixed Platforms
		Debug|Win32 = Debug|Win32
		Debug|x86 = Debug|x86
		Release|Mixed Platforms = Release|Mixed Platforms
		Release|Win32 = Release|Win32
		Release|x86 = Release|x86
	EndGlobalSection
	GlobalSection(ProjectConfigurationPlatforms) = postSolution
		{B6134D38-243C-3280-BD22-C4CDEA409A0D}.Debug|Mixed Platforms.ActiveCfg = Debug|Win32
		{B6134D38-243C-3280-BD22-C4CDEA409A0D}.Debug|Mixed Platforms.Build.0 = Debug|Win32
		{B6134D38-243C-3280-BD22-C4CDEA409A0D}.Debug|Win32.ActiveCfg = Debug|Win32
		{B6134D38-243C-3280-BD22-C4CDEA409A0D}.Debug|Win32.Build.0 = Debug|Win32
		{B6134D38-243C-3280-BD22-C4CDEA409A0D}.Debug|x86.ActiveCfg = Debug|Win32
		{B6134D38-243C-3280-BD22-C4CDEA409A0D}.Release|Mixed Platforms.ActiveCfg = Release|Win32
		{B6134D38-243C-3280-BD22-C4CDEA409A0D}.Release|Mixed Platforms.Build.0 = Release|Win32
		{B6134D38-243C-3280-BD22-C4CDEA409A0D}.Release|Win32.ActiveCfg = Release|Win32
		{B6134D38-243C-3280-BD22-C4CDEA409A0D}.Release|Win32.Build.0 = Release|Win32
		{B6134D38-243C-3280-BD22-C4CDEA409A0D}.Release|x86.ActiveCfg = Release|Win32
		{6AF4FF5E-CEF7-3C40-A547-4AB800F82234}.Debug|Mixed Platforms.ActiveCfg = Debug|Win32
		{6AF4FF5E-CEF7-3C40-A547-4AB800F82234}.Debug|Mixed Platforms.Build.0 = Debug|Win32
		{6AF4FF5E-CEF7-3C40-A547-4AB800F82234}.Debug|Win32.ActiveCfg = Debug|Win32
		{6AF4FF5E-CEF7-3C40-A547-4AB800F82234}.Debug|Win32.Build.0 = Debug|Win32
		{6AF4FF5E-CEF7-3C40-A547-4AB800F82234}.Debug|x86.ActiveCfg = Debug|Win32
		{6AF4FF5E-CEF7-3C40-A547-4AB800F82234}.Release|Mixed Platforms.ActiveCfg = Release|Win32
		{6AF4FF5E-CEF7-3C40-A547-4AB800F82234}.Release|Mixed Platforms.Build.0 = Release|Win32
		{6AF4FF5E-CEF7-3C40-A547-4AB800F82234}.Release|Win32.ActiveCfg = Release|Win32
		{6AF4FF5E-CEF7-3C40-A547-4AB800F82234}.Release|Win32.Build.0 = Release|Win32
		{6AF4FF5E-CEF7-3C40-A547-4AB800F82234}.Release|x86.ActiveCfg = Release|Win32
		{C17E3B1A-0566-3E5E-AEB4-5FA8FFE1BEC4}.Debug|Mixed Platforms.ActiveCfg = Debug|Win32
		{C17E3B1A-0566-3E5E-AEB4-5FA8FFE1BEC4}.Debug|Mixed Platforms.Build.0 = Debug|Win32
		{C17E3B1A-0566-3E5E-AEB4-5FA8FFE1BEC4}.Debug|Win32.ActiveCfg = Debug|Win32
		{C17E3B1A-0566-3E5E-AEB4-5FA8FFE1BEC4}.Debug|Win32.Build.0 = Debug|Win32
		{C17E3B1A-0566-3E5E-AEB4-5FA8FFE1BEC4}.Debug|x86.ActiveCfg = Debug|Win32
		{C17E3B1A-0566-3E5E-AEB4-5FA8FFE1BEC4}.Release|Mixed Platforms.ActiveCfg = Release|Win32
		{C17E3B1A-0566-3E5E-AEB4-5FA8FFE1BEC4}.Release|Mixed Platforms.Build.0 = Release|Win32
		{C17E3B1A-0566-3E5E-AEB4-5FA8FFE1BEC4}.Release|Win32.ActiveCfg = Release|Win32
		{C17E3B1A-0566-3E5E-AEB4-5FA8FFE1BEC4}.Release|Win32.Build.0 = Release|Win32
		{C17E3B1A-0566-3E5E-AEB4-5FA8FFE1BEC4}.Release|x86.ActiveCfg = Release|Win32
		{6587D315-BB92-3E64-BA6E-6C99D05772FF}.Debug|Mixed Platforms.ActiveCfg = Debug|Win32
		{6587D315-BB92-3E64-BA6E-6C99D05772FF}.Debug|Mixed Platforms.Build.0 = Debug|Win32
		{6587D315-BB92-3E64-BA6E-6C99D05772FF}.Debug|Win32.ActiveCfg = Debug|Win32
		{6587D315-BB92-3E64-BA6E-6C99D05772FF}.Debug|Win32.Build.0 = Debug|Win32
		{6587D315-BB92-3E64-BA6E-6C99D05772FF}.Debug|x86.ActiveCfg = Debug|Win32
		{6587D315-BB92-3E64-BA6E-6C99D05772FF}.Release|Mixed Platforms.ActiveCfg = Release|Win32
		{6587D315-BB92-3E64-BA6E-6C99D05772FF}.Release|Mixed Platforms.Build.0 = Release|Win32
		{6587D315-BB92-3E64-BA6E-6C99D05772FF}.Release|Win32.ActiveCfg = Release|Win32
		{6587D315-BB92-3E64-BA6E-6C99D05772FF}.Release|Win32.Build.0 = Release|Win32
		{6587D315-BB92-3E64-BA6E-6C99D05772FF}.Release|x86.ActiveCfg = Release|Win32
		{B596831A-D492-367F-A278-AF0B5E9DEBB9}.Debug|Mixed Platforms.ActiveCfg = Debug|Win32
		{B596831A-D492-367F-A278-AF0B5E9DEBB9}.Debug|Mixed Platforms.Build.0 = Debug|Win32
		{B596831A-D492-367F-A278-AF0B5E9DEBB9}.Debug|Win32.ActiveCfg = Debug|Win32
		{B596831A-D492-367F-A278-AF0B5E9DEBB9}.Debug|Win32.Build.0 = Debug|Win32
		{B596831A-D492-367F-A278-AF0B5E9DEBB9}.Debug|x86.ActiveCfg = Debug|Win32
		{B596831A-D492-367F-A278-AF0B5E9DEBB9}.Release|Mixed Platforms.ActiveCfg = Release|Win32
		{B596831A-D492-367F-A278-AF0B5E9DEBB9}.Release|Mixed Platforms.Build.0 = Release|Win32
		{B596831A-D492-367F-A278-AF0B5E9DEBB9}.Release|Win32.ActiveCfg = Release|Win32
		{B596831A-D492-367F-A278-AF0B5E9DEBB9}.Release|Win32.Build.0 = Release|Win32
		{B596831A-D492-367F-A278-AF0B5E9DEBB9}.Release|x86.ActiveCfg = Release|Win32
		{37E1DC7E-E545-3A6E-BCF1-BEFBD5B31B76}.Debug|Mixed Platforms.ActiveCfg = Debug|Win32
		{37E1DC7E-E545-3A6E-BCF1-BEFBD5B31B76}.Debug|Mixed Platforms.Build.0 = Debug|Win32
		{37E1DC7E-E545-3A6E-BCF1-BEFBD5B31B76}.Debug|Win32.ActiveCfg = Debug|Win32
		{37E1DC7E-E545-3A6E-BCF1-BEFBD5B31B76}.Debug|Win32.Build.0 = Debug|Win32
		{37E1DC7E-E545-3A6E-BCF1-BEFBD5B31B76}.Debug|x86.ActiveCfg = Debug|Win32
		{37E1DC7E-E545-3A6E-BCF1-BEFBD5B31B76}.Release|Mixed Platforms.ActiveCfg = Release|Win32
		{37E1DC7E-E545-3A6E-BCF1-BEFBD5B31B76}.Release|Mixed Platforms.Build.0 = Release|Win32
		{37E1DC7E-E545-3A6E-BCF1-BEFBD5B31B76}.Release|Win32.ActiveCfg = Release|Win32
		{37E1DC7E-E545-3A6E-BCF1-BEFBD5B31B76}.Release|Win32.Build.0 = Release|Win32
		{37E1DC7E-E545-3A6E-BCF1-BEFBD5B31B76}.Release|x86.ActiveCfg = Release|Win32
		{F4EA33DB-FC7C-32A2-9CB5-ED96FD431E19}.Debug|Mixed Platforms.ActiveCfg = Debug|Win32
		{F4EA33DB-FC7C-32A2-9CB5-ED96FD431E19}.Debug|Mixed Platforms.Build.0 = Debug|Win32
		{F4EA33DB-FC7C-32A2-9CB5-ED96FD431E19}.Debug|Win32.ActiveCfg = Debug|Win32
		{F4EA33DB-FC7C-32A2-9CB5-ED96FD431E19}.Debug|Win32.Build.0 = Debug|Win32
		{F4EA33DB-FC7C-32A2-9CB5-ED96FD431E19}.Debug|x86.ActiveCfg = Debug|Win32
		{F4EA33DB-FC7C-32A2-9CB5-ED96FD431E19}.Release|Mixed Platforms.ActiveCfg = Release|Win32
		{F4EA33DB-FC7C-32A2-9CB5-ED96FD431E19}.Release|Mixed Platforms.Build.0 = Release|Win32
		{F4EA33DB-FC7C-32A2-9CB5-ED96FD431E19}.Release|Win32.ActiveCfg = Release|Win32
		{F4EA33DB-FC7C-32A2-9CB5-ED96FD431E19}.Release|Win32.Build.0 = Release|Win32
		{F4EA33DB-FC7C-32A2-9CB5-ED96FD431E19}.Release|x86.ActiveCfg = Release|Win32
		{6AECEB4F-86FF-3D1B-AA1E-D3316F1E5AD2}.Debug|Mixed Platforms.ActiveCfg = Debug|Win32
		{6AECEB4F-86FF-3D1B-AA1E-D3316F1E5AD2}.Debug|Mixed Platforms.Build.0 = Debug|Win32
		{6AECEB4F-86FF-3D1B-AA1E-D3316F1E5AD2}.Debug|Win32.ActiveCfg = Debug|Win32
		{6AECEB4F-86FF-3D1B-AA1E-D3316F1E5AD2}.Debug|Win32.Build.0 = Debug|Win32
		{6AECEB4F-86FF-3D1B-AA1E-D3316F1E5AD2}.Debug|x86.ActiveCfg = Debug|Win32
		{6AECEB4F-86FF-3D1B-AA1E-D3316F1E5AD2}.Release|Mixed Platforms.ActiveCfg = Release|Win32
		{6AECEB4F-86FF-3D1B-AA1E-D3316F1E5AD2}.Release|Mixed Platforms.Build.0 = Release|Win32
		{6AECEB4F-86FF-3D1B-AA1E-D3316F1E5AD2}.Release|Win32.ActiveCfg = Release|Win32
		{6AECEB4F-86FF-3D1B-AA1E-D3316F1E5AD2}.Release|Win32.Build.0 = Release|Win32
		{6AECEB4F-86FF-3D1B-AA1E-D3316F1E5AD2}.Release|x86.ActiveCfg = Release|Win32
		{8C64C7C9-BDE0-3BA6-8F20-6B60567310CC}.Debug|Mixed Platforms.ActiveCfg = Debug|Win32
		{8C64C7C9-BDE0-3BA6-8F20-6B60567310CC}.Debug|Mixed Platforms.Build.0 = Debug|Win32
		{8C64C7C9-BDE0-3BA6-8F20-6B60567310CC}.Debug|Win32.ActiveCfg = Debug|Win32
		{8C64C7C9-BDE0-3BA6-8F20-6B60567310CC}.Debug|Win32.Build.0 = Debug|Win32
		{8C64C7C9-BDE0-3BA6-8F20-6B60567310CC}.Debug|x86.ActiveCfg = Debug|Win32
		{8C64C7C9-BDE0-3BA6-8F20-6B60567310CC}.Release|Mixed Platforms.ActiveCfg = Release|Win32
		{8C64C7C9-BDE0-3BA6-8F20-6B60567310CC}.Release|Mixed Platforms.Build.0 = Release|Win32
		{8C64C7C9-BDE0-3BA6-8F20-6B60567310CC}.Release|Win32.ActiveCfg = Release|Win32
		{8C64C7C9-BDE0-3BA6-8F20-6B60567310CC}.Release|Win32.Build.0 = Release|Win32
		{8C64C7C9-BDE0-3BA6-8F20-6B60567310CC}.Release|x86.ActiveCfg = Release|Win32
		{0D91E501-89D1-432C-8608-6232AFB53CE1}.Debug|Mixed Platforms.ActiveCfg = Debug|x86
		{0D91E501-89D1-432C-8608-6232AFB53CE1}.Debug|Win32.ActiveCfg = Debug|x86
		{0D91E501-89D1-432C-8608-6232AFB53CE1}.Debug|x86.ActiveCfg = Debug|x86
		{0D91E501-89D1-432C-8608-6232AFB53CE1}.Debug|x86.Build.0 = Debug|x86
		{0D91E501-89D1-432C-8608-6232AFB53CE1}.Release|Mixed Platforms.ActiveCfg = Release|x86
		{0D91E501-89D1-432C-8608-6232AFB53CE1}.Release|Mixed Platforms.Build.0 = Release|x86
		{0D91E501-89D1-432C-8608-6232AFB53CE1}.Release|Win32.ActiveCfg = Release|x86
		{0D91E501-89D1-432C-8608-6232AFB53CE1}.Release|x86.ActiveCfg = Release|x86
		{0D91E501-89D1-432C-8608-6232AFB53CE1}.Release|x86.Build.0 = Release|x86
		{BE8DB472-B53B-4617-AAD9-8FFE5E21693F}.Debug|Mixed Platforms.ActiveCfg = Debug|x86
		{BE8DB472-B53B-4617-AAD9-8FFE5E21693F}.Debug|Win32.ActiveCfg = Debug|x86
		{BE8DB472-B53B-4617-AAD9-8FFE5E21693F}.Debug|x86.ActiveCfg = Debug|x86
		{BE8DB472-B53B-4617-AAD9-8FFE5E21693F}.Debug|x86.Build.0 = Debug|x86
		{BE8DB472-B53B-4617-AAD9-8FFE5E21693F}.Release|Mixed Platforms.ActiveCfg = Release|x86
		{BE8DB472-B53B-4617-AAD9-8FFE5E21693F}.Release|Mixed Platforms.Build.0 = Release|x86
		{BE8DB472-B53B-4617-AAD9-8FFE5E21693F}.Release|Win32.ActiveCfg = Release|x86
		{BE8DB472-B53B-4617-AAD9-8FFE5E21693F}.Release|x86.ActiveCfg = Release|x86
		{BE8DB472-B53B-4617-AAD9-8FFE5E21693F}.Release|x86.Build.0 = Release|x86
		{BCB69144-277A-3A08-9AED-E527BF576EA5}.Debug|Mixed Platforms.ActiveCfg = Debug|Win32
		{BCB69144-277A-3A08-9AED-E527BF576EA5}.Debug|Mixed Platforms.Build.0 = Debug|Win32
		{BCB69144-277A-3A08-9AED-E527BF576EA5}.Debug|Win32.ActiveCfg = Debug|Win32
		{BCB69144-277A-3A08-9AED-E527BF576EA5}.Debug|Win32.Build.0 = Debug|Win32
		{BCB69144-277A-3A08-9AED-E527BF576EA5}.Debug|x86.ActiveCfg = Debug|Win32
		{BCB69144-277A-3A08-9AED-E527BF576EA5}.Release|Mixed Platforms.ActiveCfg = Release|Win32
		{BCB69144-277A-3A08-9AED-E527BF576EA5}.Release|Mixed Platforms.Build.0 = Release|Win32
		{BCB69144-277A-3A08-9AED-E527BF576EA5}.Release|Win32.ActiveCfg = Release|Win32
		{BCB69144-277A-3A08-9AED-E527BF576EA5}.Release|Win32.Build.0 = Release|Win32
		{BCB69144-277A-3A08-9AED-E527BF576EA5}.Release|x86.ActiveCfg = Release|Win32
		{CBAD534B-A675-3504-9AD5-1224D1A5CEDE}.Debug|Mixed Platforms.ActiveCfg = Debug|Win32
		{CBAD534B-A675-3504-9AD5-1224D1A5CEDE}.Debug|Mixed Platforms.Build.0 = Debug|Win32
		{CBAD534B-A675-3504-9AD5-1224D1A5CEDE}.Debug|Win32.ActiveCfg = Debug|Win32
		{CBAD534B-A675-3504-9AD5-1224D1A5CEDE}.Debug|Win32.Build.0 = Debug|Win32
		{CBAD534B-A675-3504-9AD5-1224D1A5CEDE}.Debug|x86.ActiveCfg = Debug|Win32
		{CBAD534B-A675-3504-9AD5-1224D1A5CEDE}.Release|Mixed Platforms.ActiveCfg = Release|Win32
		{CBAD534B-A675-3504-9AD5-1224D1A5CEDE}.Release|Mixed Platforms.Build.0 = Release|Win32
		{CBAD534B-A675-3504-9AD5-1224D1A5CEDE}.Release|Win32.ActiveCfg = Release|Win32
		{CBAD534B-A675-3504-9AD5-1224D1A5CEDE}.Release|Win32.Build.0 = Release|Win32
		{CBAD534B-A675-3504-9AD5-1224D1A5CEDE}.Release|x86.ActiveCfg = Release|Win32
	EndGlobalSection
	GlobalSection(SolutionProperties) = preSolution
		HideSolutionNode = FALSE
	EndGlobalSection
EndGlobal
