
Microsoft Visual Studio Solution File, Format Version 10.00
# Visual Studio 2008
Project("{8BC9CEB8-8B4A-11D0-8D11-00A0C91BC942}") = "Attendance", "Client\Plugins\Attendance\Attendance.vcproj", "{F85166CF-519F-371B-9A29-F53F1CF97912}"
EndProject
Project("{8BC9CEB8-8B4A-11D0-8D11-00A0C91BC942}") = "Editor", "Client\Plugins\Editor\Editor.vcproj", "{78B0DC67-25C9-39E2-81D5-6784B70EC97E}"
EndProject
Project("{8BC9CEB8-8B4A-11D0-8D11-00A0C91BC942}") = "ImageController", "Client\Plugins\ImageController\ImageController.vcproj", "{09BC3218-750B-3179-BE39-B0E081AD38FC}"
EndProject
Project("{8BC9CEB8-8B4A-11D0-8D11-00A0C91BC942}") = "Marks", "Client\Plugins\Marks\Marks.vcproj", "{EC282E5B-0DB1-3F00-B625-EFF115C9E9F8}"
EndProject
Project("{8BC9CEB8-8B4A-11D0-8D11-00A0C91BC942}") = "PdfController", "Client\Plugins\PdfController\PdfController.vcproj", "{D20E8E10-D351-386F-AA18-F5D8A0599897}"
EndProject
Project("{8BC9CEB8-8B4A-11D0-8D11-00A0C91BC942}") = "PdfDisplayer", "Client\Plugins\PdfDisplayer\PdfDisplayer.vcproj", "{334BCC1E-8E27-36D2-A80F-C5BD377578A9}"
EndProject
Project("{8BC9CEB8-8B4A-11D0-8D11-00A0C91BC942}") = "HorusWizard", "HorusWizard\HorusWizard.vcproj", "{7688B637-B3EC-3B7B-9A04-A1AA7304E13B}"
EndProject
Project("{8BC9CEB8-8B4A-11D0-8D11-00A0C91BC942}") = "EventBaseServerMetaPlugin", "Server\Plugins\EventBaseServer\EventBaseServer.vcproj", "{BF8FCA02-DBB2-381B-A681-5AEAB7E41348}"
EndProject
Project("{8BC9CEB8-8B4A-11D0-8D11-00A0C91BC942}") = "FileBaseServerMetaPlugin", "Server\Plugins\FileBaseServer\FileBaseServer.vcproj", "{100D6CFB-EB4F-35A7-B68A-83FE424A6162}"
EndProject
Project("{8BC9CEB8-8B4A-11D0-8D11-00A0C91BC942}") = "SettingsBaseServerMetaPlugin", "Server\Plugins\SettingsBaseServer\SettingsBaseServer.vcproj", "{B6134D38-243C-3280-BD22-C4CDEA409A0D}"
EndProject
Project("{8BC9CEB8-8B4A-11D0-8D11-00A0C91BC942}") = "TestGitServer", "Server\Plugins\TestGitServer\TestGitServer.vcproj", "{68490666-4B66-3090-B6E9-E15F88C531E5}"
EndProject
Project("{8BC9CEB8-8B4A-11D0-8D11-00A0C91BC942}") = "TreeBaseServerMetaPlugin", "Server\Plugins\TreeBaseServer\TreeBaseServer.vcproj", "{6AF4FF5E-CEF7-3C40-A547-4AB800F82234}"
EndProject
Project("{8BC9CEB8-8B4A-11D0-8D11-00A0C91BC942}") = "WhiteBoardServerMetaPlugin", "Server\Plugins\WhiteBoardDataServer\WhiteBoardDataServer.vcproj", "{BDDDF470-207A-3F6C-9D1A-271F37F3FE7C}"
EndProject
Project("{930C7802-8A8C-48F9-8165-68863BCCD9DD}") = "HorusInstaller", "Installer\Windows\HorusInstaller.wixproj", "{0D91E501-89D1-432C-8608-6232AFB53CE1}"
	ProjectSection(ProjectDependencies) = postProject
		{16C32502-C5B4-39B7-868C-E2BEF01D58FB} = {16C32502-C5B4-39B7-868C-E2BEF01D58FB}
		{D20E8E10-D351-386F-AA18-F5D8A0599897} = {D20E8E10-D351-386F-AA18-F5D8A0599897}
		{7AF84C14-EA62-3ECB-8498-8BE9F41F92D5} = {7AF84C14-EA62-3ECB-8498-8BE9F41F92D5}
		{6587D315-BB92-3E64-BA6E-6C99D05772FF} = {6587D315-BB92-3E64-BA6E-6C99D05772FF}
		{09BC3218-750B-3179-BE39-B0E081AD38FC} = {09BC3218-750B-3179-BE39-B0E081AD38FC}
		{B596831A-D492-367F-A278-AF0B5E9DEBB9} = {B596831A-D492-367F-A278-AF0B5E9DEBB9}
		{334BCC1E-8E27-36D2-A80F-C5BD377578A9} = {334BCC1E-8E27-36D2-A80F-C5BD377578A9}
		{7EF70F36-62F5-324C-8296-9A14BB1BAD66} = {7EF70F36-62F5-324C-8296-9A14BB1BAD66}
		{6420EE43-35DD-3808-A857-9C202DA33142} = {6420EE43-35DD-3808-A857-9C202DA33142}
		{54B0C74E-9E2E-34D7-A443-BED709617E7F} = {54B0C74E-9E2E-34D7-A443-BED709617E7F}
		{EC282E5B-0DB1-3F00-B625-EFF115C9E9F8} = {EC282E5B-0DB1-3F00-B625-EFF115C9E9F8}
		{C765DA63-05C4-3D3E-AC44-F54F551E9115} = {C765DA63-05C4-3D3E-AC44-F54F551E9115}
		{78B0DC67-25C9-39E2-81D5-6784B70EC97E} = {78B0DC67-25C9-39E2-81D5-6784B70EC97E}
		{37E1DC7E-E545-3A6E-BCF1-BEFBD5B31B76} = {37E1DC7E-E545-3A6E-BCF1-BEFBD5B31B76}
		{A992D67F-EB9A-3BB2-9402-D42E7ABD3659} = {A992D67F-EB9A-3BB2-9402-D42E7ABD3659}
		{41E7EAAD-9DA0-3DE9-B860-7BD20EA59496} = {41E7EAAD-9DA0-3DE9-B860-7BD20EA59496}
		{373DA8BB-5771-3AC2-8DA1-AB9834D45B17} = {373DA8BB-5771-3AC2-8DA1-AB9834D45B17}
		{D3B0B3C9-E703-39F0-A567-D9CCAE8503DF} = {D3B0B3C9-E703-39F0-A567-D9CCAE8503DF}
		{8C64C7C9-BDE0-3BA6-8F20-6B60567310CC} = {8C64C7C9-BDE0-3BA6-8F20-6B60567310CC}
		{F85166CF-519F-371B-9A29-F53F1CF97912} = {F85166CF-519F-371B-9A29-F53F1CF97912}
		{AB5289D8-A262-3190-9DC7-D7A15BA18C9D} = {AB5289D8-A262-3190-9DC7-D7A15BA18C9D}
		{2DE285E7-D273-3504-94BA-317113E1CAA4} = {2DE285E7-D273-3504-94BA-317113E1CAA4}
		{D6C141FD-148F-3084-B3BE-667B9E925B0B} = {D6C141FD-148F-3084-B3BE-667B9E925B0B}
	EndProjectSection
EndProject
Project("{930C7802-8A8C-48F9-8165-68863BCCD9DD}") = "HorusServerInstaller", "Installer\Windows\HorusServerInstaller.wixproj", "{BE8DB472-B53B-4617-AAD9-8FFE5E21693F}"
	ProjectSection(ProjectDependencies) = postProject
		{BF8FCA02-DBB2-381B-A681-5AEAB7E41348} = {BF8FCA02-DBB2-381B-A681-5AEAB7E41348}
		{C17E3B1A-0566-3E5E-AEB4-5FA8FFE1BEC4} = {C17E3B1A-0566-3E5E-AEB4-5FA8FFE1BEC4}
		{B6134D38-243C-3280-BD22-C4CDEA409A0D} = {B6134D38-243C-3280-BD22-C4CDEA409A0D}
		{6AECEB4F-86FF-3D1B-AA1E-D3316F1E5AD2} = {6AECEB4F-86FF-3D1B-AA1E-D3316F1E5AD2}
		{6AF4FF5E-CEF7-3C40-A547-4AB800F82234} = {6AF4FF5E-CEF7-3C40-A547-4AB800F82234}
		{68490666-4B66-3090-B6E9-E15F88C531E5} = {68490666-4B66-3090-B6E9-E15F88C531E5}
		{BDDDF470-207A-3F6C-9D1A-271F37F3FE7C} = {BDDDF470-207A-3F6C-9D1A-271F37F3FE7C}
		{172F2881-B302-3616-8EA3-B1809A53E221} = {172F2881-B302-3616-8EA3-B1809A53E221}
		{F4EA33DB-FC7C-32A2-9CB5-ED96FD431E19} = {F4EA33DB-FC7C-32A2-9CB5-ED96FD431E19}
		{100D6CFB-EB4F-35A7-B68A-83FE424A6162} = {100D6CFB-EB4F-35A7-B68A-83FE424A6162}
	EndProjectSection
EndProject
Project("{8BC9CEB8-8B4A-11D0-8D11-00A0C91BC942}") = "UserBaseServerMetaPlugin", "Server\Plugins\UserBaseServer\UserBaseServer.vcproj", "{C17E3B1A-0566-3E5E-AEB4-5FA8FFE1BEC4}"
EndProject
Project("{8BC9CEB8-8B4A-11D0-8D11-00A0C91BC942}") = "EventBaseClientMetaPlugin", "Client\Plugins\EventBaseClient\EventBaseClient.vcproj", "{6420EE43-35DD-3808-A857-9C202DA33142}"
EndProject
Project("{8BC9CEB8-8B4A-11D0-8D11-00A0C91BC942}") = "LessonManager", "Client\Plugins\LessonManager\LessonManager.vcproj", "{7AF84C14-EA62-3ECB-8498-8BE9F41F92D5}"
EndProject
Project("{8BC9CEB8-8B4A-11D0-8D11-00A0C91BC942}") = "PdfEditor", "Client\Plugins\PdfEditor\PdfEditor.vcproj", "{2DE285E7-D273-3504-94BA-317113E1CAA4}"
EndProject
Project("{8BC9CEB8-8B4A-11D0-8D11-00A0C91BC942}") = "SettingsBaseClientMetaPlugin", "Client\Plugins\SettingsBaseClient\SettingsBaseClient.vcproj", "{6587D315-BB92-3E64-BA6E-6C99D05772FF}"
EndProject
Project("{8BC9CEB8-8B4A-11D0-8D11-00A0C91BC942}") = "TestGitClient", "Client\Plugins\TestGitClient\TestGitClient.vcproj", "{373DA8BB-5771-3AC2-8DA1-AB9834D45B17}"
EndProject
Project("{8BC9CEB8-8B4A-11D0-8D11-00A0C91BC942}") = "TextController", "Client\Plugins\TextController\TextController.vcproj", "{AB5289D8-A262-3190-9DC7-D7A15BA18C9D}"
EndProject
Project("{8BC9CEB8-8B4A-11D0-8D11-00A0C91BC942}") = "TreeBaseClientMetaPlugin", "Client\Plugins\TreeBaseClient\TreeBaseClient.vcproj", "{B596831A-D492-367F-A278-AF0B5E9DEBB9}"
EndProject
Project("{8BC9CEB8-8B4A-11D0-8D11-00A0C91BC942}") = "UserBaseClientMetaPlugin", "Client\Plugins\UserBaseClient\UserBaseClient.vcproj", "{37E1DC7E-E545-3A6E-BCF1-BEFBD5B31B76}"
EndProject
Project("{8BC9CEB8-8B4A-11D0-8D11-00A0C91BC942}") = "AudioController", "Client\Plugins\AudioController\AudioController.vcproj", "{D6C141FD-148F-3084-B3BE-667B9E925B0B}"
EndProject
Project("{8BC9CEB8-8B4A-11D0-8D11-00A0C91BC942}") = "MediaController", "Client\Plugins\MediaController\MediaController.vcproj", "{16C32502-C5B4-39B7-868C-E2BEF01D58FB}"
EndProject
Project("{8BC9CEB8-8B4A-11D0-8D11-00A0C91BC942}") = "HorusXconf", "Installer\Configuration\HorusXconf\HorusXconf.vcproj", "{F4EA33DB-FC7C-32A2-9CB5-ED96FD431E19}"
EndProject
Project("{8BC9CEB8-8B4A-11D0-8D11-00A0C91BC942}") = "MailServerMetaPlugin", "Server\Plugins\MailServer\MailServer.vcproj", "{172F2881-B302-3616-8EA3-B1809A53E221}"
EndProject
Project("{8BC9CEB8-8B4A-11D0-8D11-00A0C91BC942}") = "Horus_Server", "Server\Horus_Server.vcproj", "{6AECEB4F-86FF-3D1B-AA1E-D3316F1E5AD2}"
EndProject
Project("{8BC9CEB8-8B4A-11D0-8D11-00A0C91BC942}") = "Horus_Client", "Client\Horus_Client.vcproj", "{8C64C7C9-BDE0-3BA6-8F20-6B60567310CC}"
EndProject
Project("{8BC9CEB8-8B4A-11D0-8D11-00A0C91BC942}") = "MainFrame", "Client\Plugins\MainFrame\MainFrame.vcproj", "{C765DA63-05C4-3D3E-AC44-F54F551E9115}"
EndProject
Project("{8BC9CEB8-8B4A-11D0-8D11-00A0C91BC942}") = "FileBaseClientMetaPlugin", "Client\Plugins\FileBaseClient\FileBaseClient.vcproj", "{54B0C74E-9E2E-34D7-A443-BED709617E7F}"
EndProject
Project("{8BC9CEB8-8B4A-11D0-8D11-00A0C91BC942}") = "Mail", "Client\Plugins\Mail\Mail.vcproj", "{7EF70F36-62F5-324C-8296-9A14BB1BAD66}"
EndProject
Project("{8BC9CEB8-8B4A-11D0-8D11-00A0C91BC942}") = "Course", "Client\Plugins\Course\Course.vcproj", "{41E7EAAD-9DA0-3DE9-B860-7BD20EA59496}"
EndProject
Project("{8BC9CEB8-8B4A-11D0-8D11-00A0C91BC942}") = "Calendar", "Client\Plugins\Calendar\Calendar.vcproj", "{A992D67F-EB9A-3BB2-9402-D42E7ABD3659}"
EndProject
Project("{8BC9CEB8-8B4A-11D0-8D11-00A0C91BC942}") = "News", "Client\Plugins\News\News.vcproj", "{D3B0B3C9-E703-39F0-A567-D9CCAE8503DF}"
EndProject
Project("{8BC9CEB8-8B4A-11D0-8D11-00A0C91BC942}") = "Administration", "Client\Plugins\Administration\Administration.vcproj", "{B4C7C7D5-DDE1-30A1-98FF-B91E42E337D5}"
EndProject
Global
	GlobalSection(SolutionConfigurationPlatforms) = preSolution
		Debug|Mixed Platforms = Debug|Mixed Platforms
		Debug|Win32 = Debug|Win32
		Debug|x86 = Debug|x86
		Release|Mixed Platforms = Release|Mixed Platforms
		Release|Win32 = Release|Win32
		Release|x86 = Release|x86
	EndGlobalSection
	GlobalSection(ProjectConfigurationPlatforms) = postSolution
		{F85166CF-519F-371B-9A29-F53F1CF97912}.Debug|Mixed Platforms.ActiveCfg = Debug|Win32
		{F85166CF-519F-371B-9A29-F53F1CF97912}.Debug|Mixed Platforms.Build.0 = Debug|Win32
		{F85166CF-519F-371B-9A29-F53F1CF97912}.Debug|Win32.ActiveCfg = Debug|Win32
		{F85166CF-519F-371B-9A29-F53F1CF97912}.Debug|Win32.Build.0 = Debug|Win32
		{F85166CF-519F-371B-9A29-F53F1CF97912}.Debug|x86.ActiveCfg = Debug|Win32
		{F85166CF-519F-371B-9A29-F53F1CF97912}.Release|Mixed Platforms.ActiveCfg = Release|Win32
		{F85166CF-519F-371B-9A29-F53F1CF97912}.Release|Mixed Platforms.Build.0 = Release|Win32
		{F85166CF-519F-371B-9A29-F53F1CF97912}.Release|Win32.ActiveCfg = Release|Win32
		{F85166CF-519F-371B-9A29-F53F1CF97912}.Release|Win32.Build.0 = Release|Win32
		{F85166CF-519F-371B-9A29-F53F1CF97912}.Release|x86.ActiveCfg = Release|Win32
		{78B0DC67-25C9-39E2-81D5-6784B70EC97E}.Debug|Mixed Platforms.ActiveCfg = Debug|Win32
		{78B0DC67-25C9-39E2-81D5-6784B70EC97E}.Debug|Mixed Platforms.Build.0 = Debug|Win32
		{78B0DC67-25C9-39E2-81D5-6784B70EC97E}.Debug|Win32.ActiveCfg = Debug|Win32
		{78B0DC67-25C9-39E2-81D5-6784B70EC97E}.Debug|Win32.Build.0 = Debug|Win32
		{78B0DC67-25C9-39E2-81D5-6784B70EC97E}.Debug|x86.ActiveCfg = Debug|Win32
		{78B0DC67-25C9-39E2-81D5-6784B70EC97E}.Release|Mixed Platforms.ActiveCfg = Release|Win32
		{78B0DC67-25C9-39E2-81D5-6784B70EC97E}.Release|Mixed Platforms.Build.0 = Release|Win32
		{78B0DC67-25C9-39E2-81D5-6784B70EC97E}.Release|Win32.ActiveCfg = Release|Win32
		{78B0DC67-25C9-39E2-81D5-6784B70EC97E}.Release|Win32.Build.0 = Release|Win32
		{78B0DC67-25C9-39E2-81D5-6784B70EC97E}.Release|x86.ActiveCfg = Release|Win32
		{09BC3218-750B-3179-BE39-B0E081AD38FC}.Debug|Mixed Platforms.ActiveCfg = Debug|Win32
		{09BC3218-750B-3179-BE39-B0E081AD38FC}.Debug|Mixed Platforms.Build.0 = Debug|Win32
		{09BC3218-750B-3179-BE39-B0E081AD38FC}.Debug|Win32.ActiveCfg = Debug|Win32
		{09BC3218-750B-3179-BE39-B0E081AD38FC}.Debug|Win32.Build.0 = Debug|Win32
		{09BC3218-750B-3179-BE39-B0E081AD38FC}.Debug|x86.ActiveCfg = Debug|Win32
		{09BC3218-750B-3179-BE39-B0E081AD38FC}.Release|Mixed Platforms.ActiveCfg = Release|Win32
		{09BC3218-750B-3179-BE39-B0E081AD38FC}.Release|Mixed Platforms.Build.0 = Release|Win32
		{09BC3218-750B-3179-BE39-B0E081AD38FC}.Release|Win32.ActiveCfg = Release|Win32
		{09BC3218-750B-3179-BE39-B0E081AD38FC}.Release|Win32.Build.0 = Release|Win32
		{09BC3218-750B-3179-BE39-B0E081AD38FC}.Release|x86.ActiveCfg = Release|Win32
		{EC282E5B-0DB1-3F00-B625-EFF115C9E9F8}.Debug|Mixed Platforms.ActiveCfg = Debug|Win32
		{EC282E5B-0DB1-3F00-B625-EFF115C9E9F8}.Debug|Mixed Platforms.Build.0 = Debug|Win32
		{EC282E5B-0DB1-3F00-B625-EFF115C9E9F8}.Debug|Win32.ActiveCfg = Debug|Win32
		{EC282E5B-0DB1-3F00-B625-EFF115C9E9F8}.Debug|Win32.Build.0 = Debug|Win32
		{EC282E5B-0DB1-3F00-B625-EFF115C9E9F8}.Debug|x86.ActiveCfg = Debug|Win32
		{EC282E5B-0DB1-3F00-B625-EFF115C9E9F8}.Release|Mixed Platforms.ActiveCfg = Release|Win32
		{EC282E5B-0DB1-3F00-B625-EFF115C9E9F8}.Release|Mixed Platforms.Build.0 = Release|Win32
		{EC282E5B-0DB1-3F00-B625-EFF115C9E9F8}.Release|Win32.ActiveCfg = Release|Win32
		{EC282E5B-0DB1-3F00-B625-EFF115C9E9F8}.Release|Win32.Build.0 = Release|Win32
		{EC282E5B-0DB1-3F00-B625-EFF115C9E9F8}.Release|x86.ActiveCfg = Release|Win32
		{D20E8E10-D351-386F-AA18-F5D8A0599897}.Debug|Mixed Platforms.ActiveCfg = Debug|Win32
		{D20E8E10-D351-386F-AA18-F5D8A0599897}.Debug|Mixed Platforms.Build.0 = Debug|Win32
		{D20E8E10-D351-386F-AA18-F5D8A0599897}.Debug|Win32.ActiveCfg = Debug|Win32
		{D20E8E10-D351-386F-AA18-F5D8A0599897}.Debug|Win32.Build.0 = Debug|Win32
		{D20E8E10-D351-386F-AA18-F5D8A0599897}.Debug|x86.ActiveCfg = Debug|Win32
		{D20E8E10-D351-386F-AA18-F5D8A0599897}.Release|Mixed Platforms.ActiveCfg = Release|Win32
		{D20E8E10-D351-386F-AA18-F5D8A0599897}.Release|Mixed Platforms.Build.0 = Release|Win32
		{D20E8E10-D351-386F-AA18-F5D8A0599897}.Release|Win32.ActiveCfg = Release|Win32
		{D20E8E10-D351-386F-AA18-F5D8A0599897}.Release|Win32.Build.0 = Release|Win32
		{D20E8E10-D351-386F-AA18-F5D8A0599897}.Release|x86.ActiveCfg = Release|Win32
		{334BCC1E-8E27-36D2-A80F-C5BD377578A9}.Debug|Mixed Platforms.ActiveCfg = Debug|Win32
		{334BCC1E-8E27-36D2-A80F-C5BD377578A9}.Debug|Mixed Platforms.Build.0 = Debug|Win32
		{334BCC1E-8E27-36D2-A80F-C5BD377578A9}.Debug|Win32.ActiveCfg = Debug|Win32
		{334BCC1E-8E27-36D2-A80F-C5BD377578A9}.Debug|Win32.Build.0 = Debug|Win32
		{334BCC1E-8E27-36D2-A80F-C5BD377578A9}.Debug|x86.ActiveCfg = Debug|Win32
		{334BCC1E-8E27-36D2-A80F-C5BD377578A9}.Release|Mixed Platforms.ActiveCfg = Release|Win32
		{334BCC1E-8E27-36D2-A80F-C5BD377578A9}.Release|Mixed Platforms.Build.0 = Release|Win32
		{334BCC1E-8E27-36D2-A80F-C5BD377578A9}.Release|Win32.ActiveCfg = Release|Win32
		{334BCC1E-8E27-36D2-A80F-C5BD377578A9}.Release|Win32.Build.0 = Release|Win32
		{334BCC1E-8E27-36D2-A80F-C5BD377578A9}.Release|x86.ActiveCfg = Release|Win32
		{7688B637-B3EC-3B7B-9A04-A1AA7304E13B}.Debug|Mixed Platforms.ActiveCfg = Debug|Win32
		{7688B637-B3EC-3B7B-9A04-A1AA7304E13B}.Debug|Mixed Platforms.Build.0 = Debug|Win32
		{7688B637-B3EC-3B7B-9A04-A1AA7304E13B}.Debug|Win32.ActiveCfg = Debug|Win32
		{7688B637-B3EC-3B7B-9A04-A1AA7304E13B}.Debug|Win32.Build.0 = Debug|Win32
		{7688B637-B3EC-3B7B-9A04-A1AA7304E13B}.Debug|x86.ActiveCfg = Debug|Win32
		{7688B637-B3EC-3B7B-9A04-A1AA7304E13B}.Release|Mixed Platforms.ActiveCfg = Release|Win32
		{7688B637-B3EC-3B7B-9A04-A1AA7304E13B}.Release|Mixed Platforms.Build.0 = Release|Win32
		{7688B637-B3EC-3B7B-9A04-A1AA7304E13B}.Release|Win32.ActiveCfg = Release|Win32
		{7688B637-B3EC-3B7B-9A04-A1AA7304E13B}.Release|Win32.Build.0 = Release|Win32
		{7688B637-B3EC-3B7B-9A04-A1AA7304E13B}.Release|x86.ActiveCfg = Release|Win32
		{BF8FCA02-DBB2-381B-A681-5AEAB7E41348}.Debug|Mixed Platforms.ActiveCfg = Debug|Win32
		{BF8FCA02-DBB2-381B-A681-5AEAB7E41348}.Debug|Mixed Platforms.Build.0 = Debug|Win32
		{BF8FCA02-DBB2-381B-A681-5AEAB7E41348}.Debug|Win32.ActiveCfg = Debug|Win32
		{BF8FCA02-DBB2-381B-A681-5AEAB7E41348}.Debug|Win32.Build.0 = Debug|Win32
		{BF8FCA02-DBB2-381B-A681-5AEAB7E41348}.Debug|x86.ActiveCfg = Debug|Win32
		{BF8FCA02-DBB2-381B-A681-5AEAB7E41348}.Release|Mixed Platforms.ActiveCfg = Release|Win32
		{BF8FCA02-DBB2-381B-A681-5AEAB7E41348}.Release|Mixed Platforms.Build.0 = Release|Win32
		{BF8FCA02-DBB2-381B-A681-5AEAB7E41348}.Release|Win32.ActiveCfg = Release|Win32
		{BF8FCA02-DBB2-381B-A681-5AEAB7E41348}.Release|Win32.Build.0 = Release|Win32
		{BF8FCA02-DBB2-381B-A681-5AEAB7E41348}.Release|x86.ActiveCfg = Release|Win32
		{100D6CFB-EB4F-35A7-B68A-83FE424A6162}.Debug|Mixed Platforms.ActiveCfg = Debug|Win32
		{100D6CFB-EB4F-35A7-B68A-83FE424A6162}.Debug|Mixed Platforms.Build.0 = Debug|Win32
		{100D6CFB-EB4F-35A7-B68A-83FE424A6162}.Debug|Win32.ActiveCfg = Debug|Win32
		{100D6CFB-EB4F-35A7-B68A-83FE424A6162}.Debug|Win32.Build.0 = Debug|Win32
		{100D6CFB-EB4F-35A7-B68A-83FE424A6162}.Debug|x86.ActiveCfg = Debug|Win32
		{100D6CFB-EB4F-35A7-B68A-83FE424A6162}.Release|Mixed Platforms.ActiveCfg = Release|Win32
		{100D6CFB-EB4F-35A7-B68A-83FE424A6162}.Release|Mixed Platforms.Build.0 = Release|Win32
		{100D6CFB-EB4F-35A7-B68A-83FE424A6162}.Release|Win32.ActiveCfg = Release|Win32
		{100D6CFB-EB4F-35A7-B68A-83FE424A6162}.Release|Win32.Build.0 = Release|Win32
		{100D6CFB-EB4F-35A7-B68A-83FE424A6162}.Release|x86.ActiveCfg = Release|Win32
		{B6134D38-243C-3280-BD22-C4CDEA409A0D}.Debug|Mixed Platforms.ActiveCfg = Debug|Win32
		{B6134D38-243C-3280-BD22-C4CDEA409A0D}.Debug|Mixed Platforms.Build.0 = Debug|Win32
		{B6134D38-243C-3280-BD22-C4CDEA409A0D}.Debug|Win32.ActiveCfg = Debug|Win32
		{B6134D38-243C-3280-BD22-C4CDEA409A0D}.Debug|Win32.Build.0 = Debug|Win32
		{B6134D38-243C-3280-BD22-C4CDEA409A0D}.Debug|x86.ActiveCfg = Debug|Win32
		{B6134D38-243C-3280-BD22-C4CDEA409A0D}.Release|Mixed Platforms.ActiveCfg = Release|Win32
		{B6134D38-243C-3280-BD22-C4CDEA409A0D}.Release|Mixed Platforms.Build.0 = Release|Win32
		{B6134D38-243C-3280-BD22-C4CDEA409A0D}.Release|Win32.ActiveCfg = Release|Win32
		{B6134D38-243C-3280-BD22-C4CDEA409A0D}.Release|Win32.Build.0 = Release|Win32
		{B6134D38-243C-3280-BD22-C4CDEA409A0D}.Release|x86.ActiveCfg = Release|Win32
		{68490666-4B66-3090-B6E9-E15F88C531E5}.Debug|Mixed Platforms.ActiveCfg = Debug|Win32
		{68490666-4B66-3090-B6E9-E15F88C531E5}.Debug|Mixed Platforms.Build.0 = Debug|Win32
		{68490666-4B66-3090-B6E9-E15F88C531E5}.Debug|Win32.ActiveCfg = Debug|Win32
		{68490666-4B66-3090-B6E9-E15F88C531E5}.Debug|Win32.Build.0 = Debug|Win32
		{68490666-4B66-3090-B6E9-E15F88C531E5}.Debug|x86.ActiveCfg = Debug|Win32
		{68490666-4B66-3090-B6E9-E15F88C531E5}.Release|Mixed Platforms.ActiveCfg = Release|Win32
		{68490666-4B66-3090-B6E9-E15F88C531E5}.Release|Mixed Platforms.Build.0 = Release|Win32
		{68490666-4B66-3090-B6E9-E15F88C531E5}.Release|Win32.ActiveCfg = Release|Win32
		{68490666-4B66-3090-B6E9-E15F88C531E5}.Release|Win32.Build.0 = Release|Win32
		{68490666-4B66-3090-B6E9-E15F88C531E5}.Release|x86.ActiveCfg = Release|Win32
		{6AF4FF5E-CEF7-3C40-A547-4AB800F82234}.Debug|Mixed Platforms.ActiveCfg = Debug|Win32
		{6AF4FF5E-CEF7-3C40-A547-4AB800F82234}.Debug|Mixed Platforms.Build.0 = Debug|Win32
		{6AF4FF5E-CEF7-3C40-A547-4AB800F82234}.Debug|Win32.ActiveCfg = Debug|Win32
		{6AF4FF5E-CEF7-3C40-A547-4AB800F82234}.Debug|Win32.Build.0 = Debug|Win32
		{6AF4FF5E-CEF7-3C40-A547-4AB800F82234}.Debug|x86.ActiveCfg = Debug|Win32
		{6AF4FF5E-CEF7-3C40-A547-4AB800F82234}.Release|Mixed Platforms.ActiveCfg = Release|Win32
		{6AF4FF5E-CEF7-3C40-A547-4AB800F82234}.Release|Mixed Platforms.Build.0 = Release|Win32
		{6AF4FF5E-CEF7-3C40-A547-4AB800F82234}.Release|Win32.ActiveCfg = Release|Win32
		{6AF4FF5E-CEF7-3C40-A547-4AB800F82234}.Release|Win32.Build.0 = Release|Win32
		{6AF4FF5E-CEF7-3C40-A547-4AB800F82234}.Release|x86.ActiveCfg = Release|Win32
		{BDDDF470-207A-3F6C-9D1A-271F37F3FE7C}.Debug|Mixed Platforms.ActiveCfg = Debug|Win32
		{BDDDF470-207A-3F6C-9D1A-271F37F3FE7C}.Debug|Mixed Platforms.Build.0 = Debug|Win32
		{BDDDF470-207A-3F6C-9D1A-271F37F3FE7C}.Debug|Win32.ActiveCfg = Debug|Win32
		{BDDDF470-207A-3F6C-9D1A-271F37F3FE7C}.Debug|Win32.Build.0 = Debug|Win32
		{BDDDF470-207A-3F6C-9D1A-271F37F3FE7C}.Debug|x86.ActiveCfg = Debug|Win32
		{BDDDF470-207A-3F6C-9D1A-271F37F3FE7C}.Release|Mixed Platforms.ActiveCfg = Release|Win32
		{BDDDF470-207A-3F6C-9D1A-271F37F3FE7C}.Release|Mixed Platforms.Build.0 = Release|Win32
		{BDDDF470-207A-3F6C-9D1A-271F37F3FE7C}.Release|Win32.ActiveCfg = Release|Win32
		{BDDDF470-207A-3F6C-9D1A-271F37F3FE7C}.Release|Win32.Build.0 = Release|Win32
		{BDDDF470-207A-3F6C-9D1A-271F37F3FE7C}.Release|x86.ActiveCfg = Release|Win32
		{0D91E501-89D1-432C-8608-6232AFB53CE1}.Debug|Mixed Platforms.ActiveCfg = Debug|x86
		{0D91E501-89D1-432C-8608-6232AFB53CE1}.Debug|Win32.ActiveCfg = Debug|x86
		{0D91E501-89D1-432C-8608-6232AFB53CE1}.Debug|x86.ActiveCfg = Debug|x86
		{0D91E501-89D1-432C-8608-6232AFB53CE1}.Debug|x86.Build.0 = Debug|x86
		{0D91E501-89D1-432C-8608-6232AFB53CE1}.Release|Mixed Platforms.ActiveCfg = Release|x86
		{0D91E501-89D1-432C-8608-6232AFB53CE1}.Release|Mixed Platforms.Build.0 = Release|x86
		{0D91E501-89D1-432C-8608-6232AFB53CE1}.Release|Win32.ActiveCfg = Release|x86
		{0D91E501-89D1-432C-8608-6232AFB53CE1}.Release|x86.ActiveCfg = Release|x86
		{0D91E501-89D1-432C-8608-6232AFB53CE1}.Release|x86.Build.0 = Release|x86
		{BE8DB472-B53B-4617-AAD9-8FFE5E21693F}.Debug|Mixed Platforms.ActiveCfg = Debug|x86
		{BE8DB472-B53B-4617-AAD9-8FFE5E21693F}.Debug|Win32.ActiveCfg = Debug|x86
		{BE8DB472-B53B-4617-AAD9-8FFE5E21693F}.Debug|x86.ActiveCfg = Debug|x86
		{BE8DB472-B53B-4617-AAD9-8FFE5E21693F}.Debug|x86.Build.0 = Debug|x86
		{BE8DB472-B53B-4617-AAD9-8FFE5E21693F}.Release|Mixed Platforms.ActiveCfg = Release|x86
		{BE8DB472-B53B-4617-AAD9-8FFE5E21693F}.Release|Mixed Platforms.Build.0 = Release|x86
		{BE8DB472-B53B-4617-AAD9-8FFE5E21693F}.Release|Win32.ActiveCfg = Release|x86
		{BE8DB472-B53B-4617-AAD9-8FFE5E21693F}.Release|x86.ActiveCfg = Release|x86
		{BE8DB472-B53B-4617-AAD9-8FFE5E21693F}.Release|x86.Build.0 = Release|x86
		{C17E3B1A-0566-3E5E-AEB4-5FA8FFE1BEC4}.Debug|Mixed Platforms.ActiveCfg = Debug|Win32
		{C17E3B1A-0566-3E5E-AEB4-5FA8FFE1BEC4}.Debug|Mixed Platforms.Build.0 = Debug|Win32
		{C17E3B1A-0566-3E5E-AEB4-5FA8FFE1BEC4}.Debug|Win32.ActiveCfg = Debug|Win32
		{C17E3B1A-0566-3E5E-AEB4-5FA8FFE1BEC4}.Debug|Win32.Build.0 = Debug|Win32
		{C17E3B1A-0566-3E5E-AEB4-5FA8FFE1BEC4}.Debug|x86.ActiveCfg = Debug|Win32
		{C17E3B1A-0566-3E5E-AEB4-5FA8FFE1BEC4}.Release|Mixed Platforms.ActiveCfg = Release|Win32
		{C17E3B1A-0566-3E5E-AEB4-5FA8FFE1BEC4}.Release|Mixed Platforms.Build.0 = Release|Win32
		{C17E3B1A-0566-3E5E-AEB4-5FA8FFE1BEC4}.Release|Win32.ActiveCfg = Release|Win32
		{C17E3B1A-0566-3E5E-AEB4-5FA8FFE1BEC4}.Release|Win32.Build.0 = Release|Win32
		{C17E3B1A-0566-3E5E-AEB4-5FA8FFE1BEC4}.Release|x86.ActiveCfg = Release|Win32
		{6420EE43-35DD-3808-A857-9C202DA33142}.Debug|Mixed Platforms.ActiveCfg = Debug|Win32
		{6420EE43-35DD-3808-A857-9C202DA33142}.Debug|Mixed Platforms.Build.0 = Debug|Win32
		{6420EE43-35DD-3808-A857-9C202DA33142}.Debug|Win32.ActiveCfg = Debug|Win32
		{6420EE43-35DD-3808-A857-9C202DA33142}.Debug|Win32.Build.0 = Debug|Win32
		{6420EE43-35DD-3808-A857-9C202DA33142}.Debug|x86.ActiveCfg = Debug|Win32
		{6420EE43-35DD-3808-A857-9C202DA33142}.Release|Mixed Platforms.ActiveCfg = Release|Win32
		{6420EE43-35DD-3808-A857-9C202DA33142}.Release|Mixed Platforms.Build.0 = Release|Win32
		{6420EE43-35DD-3808-A857-9C202DA33142}.Release|Win32.ActiveCfg = Release|Win32
		{6420EE43-35DD-3808-A857-9C202DA33142}.Release|Win32.Build.0 = Release|Win32
		{6420EE43-35DD-3808-A857-9C202DA33142}.Release|x86.ActiveCfg = Release|Win32
		{7AF84C14-EA62-3ECB-8498-8BE9F41F92D5}.Debug|Mixed Platforms.ActiveCfg = Debug|Win32
		{7AF84C14-EA62-3ECB-8498-8BE9F41F92D5}.Debug|Mixed Platforms.Build.0 = Debug|Win32
		{7AF84C14-EA62-3ECB-8498-8BE9F41F92D5}.Debug|Win32.ActiveCfg = Debug|Win32
		{7AF84C14-EA62-3ECB-8498-8BE9F41F92D5}.Debug|Win32.Build.0 = Debug|Win32
		{7AF84C14-EA62-3ECB-8498-8BE9F41F92D5}.Debug|x86.ActiveCfg = Debug|Win32
		{7AF84C14-EA62-3ECB-8498-8BE9F41F92D5}.Release|Mixed Platforms.ActiveCfg = Release|Win32
		{7AF84C14-EA62-3ECB-8498-8BE9F41F92D5}.Release|Mixed Platforms.Build.0 = Release|Win32
		{7AF84C14-EA62-3ECB-8498-8BE9F41F92D5}.Release|Win32.ActiveCfg = Release|Win32
		{7AF84C14-EA62-3ECB-8498-8BE9F41F92D5}.Release|Win32.Build.0 = Release|Win32
		{7AF84C14-EA62-3ECB-8498-8BE9F41F92D5}.Release|x86.ActiveCfg = Release|Win32
		{2DE285E7-D273-3504-94BA-317113E1CAA4}.Debug|Mixed Platforms.ActiveCfg = Debug|Win32
		{2DE285E7-D273-3504-94BA-317113E1CAA4}.Debug|Mixed Platforms.Build.0 = Debug|Win32
		{2DE285E7-D273-3504-94BA-317113E1CAA4}.Debug|Win32.ActiveCfg = Debug|Win32
		{2DE285E7-D273-3504-94BA-317113E1CAA4}.Debug|Win32.Build.0 = Debug|Win32
		{2DE285E7-D273-3504-94BA-317113E1CAA4}.Debug|x86.ActiveCfg = Debug|Win32
		{2DE285E7-D273-3504-94BA-317113E1CAA4}.Release|Mixed Platforms.ActiveCfg = Release|Win32
		{2DE285E7-D273-3504-94BA-317113E1CAA4}.Release|Mixed Platforms.Build.0 = Release|Win32
		{2DE285E7-D273-3504-94BA-317113E1CAA4}.Release|Win32.ActiveCfg = Release|Win32
		{2DE285E7-D273-3504-94BA-317113E1CAA4}.Release|Win32.Build.0 = Release|Win32
		{2DE285E7-D273-3504-94BA-317113E1CAA4}.Release|x86.ActiveCfg = Release|Win32
		{6587D315-BB92-3E64-BA6E-6C99D05772FF}.Debug|Mixed Platforms.ActiveCfg = Debug|Win32
		{6587D315-BB92-3E64-BA6E-6C99D05772FF}.Debug|Mixed Platforms.Build.0 = Debug|Win32
		{6587D315-BB92-3E64-BA6E-6C99D05772FF}.Debug|Win32.ActiveCfg = Debug|Win32
		{6587D315-BB92-3E64-BA6E-6C99D05772FF}.Debug|Win32.Build.0 = Debug|Win32
		{6587D315-BB92-3E64-BA6E-6C99D05772FF}.Debug|x86.ActiveCfg = Debug|Win32
		{6587D315-BB92-3E64-BA6E-6C99D05772FF}.Release|Mixed Platforms.ActiveCfg = Release|Win32
		{6587D315-BB92-3E64-BA6E-6C99D05772FF}.Release|Mixed Platforms.Build.0 = Release|Win32
		{6587D315-BB92-3E64-BA6E-6C99D05772FF}.Release|Win32.ActiveCfg = Release|Win32
		{6587D315-BB92-3E64-BA6E-6C99D05772FF}.Release|Win32.Build.0 = Release|Win32
		{6587D315-BB92-3E64-BA6E-6C99D05772FF}.Release|x86.ActiveCfg = Release|Win32
		{373DA8BB-5771-3AC2-8DA1-AB9834D45B17}.Debug|Mixed Platforms.ActiveCfg = Debug|Win32
		{373DA8BB-5771-3AC2-8DA1-AB9834D45B17}.Debug|Mixed Platforms.Build.0 = Debug|Win32
		{373DA8BB-5771-3AC2-8DA1-AB9834D45B17}.Debug|Win32.ActiveCfg = Debug|Win32
		{373DA8BB-5771-3AC2-8DA1-AB9834D45B17}.Debug|Win32.Build.0 = Debug|Win32
		{373DA8BB-5771-3AC2-8DA1-AB9834D45B17}.Debug|x86.ActiveCfg = Debug|Win32
		{373DA8BB-5771-3AC2-8DA1-AB9834D45B17}.Release|Mixed Platforms.ActiveCfg = Release|Win32
		{373DA8BB-5771-3AC2-8DA1-AB9834D45B17}.Release|Mixed Platforms.Build.0 = Release|Win32
		{373DA8BB-5771-3AC2-8DA1-AB9834D45B17}.Release|Win32.ActiveCfg = Release|Win32
		{373DA8BB-5771-3AC2-8DA1-AB9834D45B17}.Release|Win32.Build.0 = Release|Win32
		{373DA8BB-5771-3AC2-8DA1-AB9834D45B17}.Release|x86.ActiveCfg = Release|Win32
		{AB5289D8-A262-3190-9DC7-D7A15BA18C9D}.Debug|Mixed Platforms.ActiveCfg = Debug|Win32
		{AB5289D8-A262-3190-9DC7-D7A15BA18C9D}.Debug|Mixed Platforms.Build.0 = Debug|Win32
		{AB5289D8-A262-3190-9DC7-D7A15BA18C9D}.Debug|Win32.ActiveCfg = Debug|Win32
		{AB5289D8-A262-3190-9DC7-D7A15BA18C9D}.Debug|Win32.Build.0 = Debug|Win32
		{AB5289D8-A262-3190-9DC7-D7A15BA18C9D}.Debug|x86.ActiveCfg = Debug|Win32
		{AB5289D8-A262-3190-9DC7-D7A15BA18C9D}.Release|Mixed Platforms.ActiveCfg = Release|Win32
		{AB5289D8-A262-3190-9DC7-D7A15BA18C9D}.Release|Mixed Platforms.Build.0 = Release|Win32
		{AB5289D8-A262-3190-9DC7-D7A15BA18C9D}.Release|Win32.ActiveCfg = Release|Win32
		{AB5289D8-A262-3190-9DC7-D7A15BA18C9D}.Release|Win32.Build.0 = Release|Win32
		{AB5289D8-A262-3190-9DC7-D7A15BA18C9D}.Release|x86.ActiveCfg = Release|Win32
		{B596831A-D492-367F-A278-AF0B5E9DEBB9}.Debug|Mixed Platforms.ActiveCfg = Debug|Win32
		{B596831A-D492-367F-A278-AF0B5E9DEBB9}.Debug|Mixed Platforms.Build.0 = Debug|Win32
		{B596831A-D492-367F-A278-AF0B5E9DEBB9}.Debug|Win32.ActiveCfg = Debug|Win32
		{B596831A-D492-367F-A278-AF0B5E9DEBB9}.Debug|Win32.Build.0 = Debug|Win32
		{B596831A-D492-367F-A278-AF0B5E9DEBB9}.Debug|x86.ActiveCfg = Debug|Win32
		{B596831A-D492-367F-A278-AF0B5E9DEBB9}.Release|Mixed Platforms.ActiveCfg = Release|Win32
		{B596831A-D492-367F-A278-AF0B5E9DEBB9}.Release|Mixed Platforms.Build.0 = Release|Win32
		{B596831A-D492-367F-A278-AF0B5E9DEBB9}.Release|Win32.ActiveCfg = Release|Win32
		{B596831A-D492-367F-A278-AF0B5E9DEBB9}.Release|Win32.Build.0 = Release|Win32
		{B596831A-D492-367F-A278-AF0B5E9DEBB9}.Release|x86.ActiveCfg = Release|Win32
		{37E1DC7E-E545-3A6E-BCF1-BEFBD5B31B76}.Debug|Mixed Platforms.ActiveCfg = Debug|Win32
		{37E1DC7E-E545-3A6E-BCF1-BEFBD5B31B76}.Debug|Mixed Platforms.Build.0 = Debug|Win32
		{37E1DC7E-E545-3A6E-BCF1-BEFBD5B31B76}.Debug|Win32.ActiveCfg = Debug|Win32
		{37E1DC7E-E545-3A6E-BCF1-BEFBD5B31B76}.Debug|Win32.Build.0 = Debug|Win32
		{37E1DC7E-E545-3A6E-BCF1-BEFBD5B31B76}.Debug|x86.ActiveCfg = Debug|Win32
		{37E1DC7E-E545-3A6E-BCF1-BEFBD5B31B76}.Release|Mixed Platforms.ActiveCfg = Release|Win32
		{37E1DC7E-E545-3A6E-BCF1-BEFBD5B31B76}.Release|Mixed Platforms.Build.0 = Release|Win32
		{37E1DC7E-E545-3A6E-BCF1-BEFBD5B31B76}.Release|Win32.ActiveCfg = Release|Win32
		{37E1DC7E-E545-3A6E-BCF1-BEFBD5B31B76}.Release|Win32.Build.0 = Release|Win32
		{37E1DC7E-E545-3A6E-BCF1-BEFBD5B31B76}.Release|x86.ActiveCfg = Release|Win32
		{D6C141FD-148F-3084-B3BE-667B9E925B0B}.Debug|Mixed Platforms.ActiveCfg = Debug|Win32
		{D6C141FD-148F-3084-B3BE-667B9E925B0B}.Debug|Mixed Platforms.Build.0 = Debug|Win32
		{D6C141FD-148F-3084-B3BE-667B9E925B0B}.Debug|Win32.ActiveCfg = Debug|Win32
		{D6C141FD-148F-3084-B3BE-667B9E925B0B}.Debug|Win32.Build.0 = Debug|Win32
		{D6C141FD-148F-3084-B3BE-667B9E925B0B}.Debug|x86.ActiveCfg = Debug|Win32
		{D6C141FD-148F-3084-B3BE-667B9E925B0B}.Release|Mixed Platforms.ActiveCfg = Release|Win32
		{D6C141FD-148F-3084-B3BE-667B9E925B0B}.Release|Mixed Platforms.Build.0 = Release|Win32
		{D6C141FD-148F-3084-B3BE-667B9E925B0B}.Release|Win32.ActiveCfg = Release|Win32
		{D6C141FD-148F-3084-B3BE-667B9E925B0B}.Release|Win32.Build.0 = Release|Win32
		{D6C141FD-148F-3084-B3BE-667B9E925B0B}.Release|x86.ActiveCfg = Release|Win32
		{16C32502-C5B4-39B7-868C-E2BEF01D58FB}.Debug|Mixed Platforms.ActiveCfg = Debug|Win32
		{16C32502-C5B4-39B7-868C-E2BEF01D58FB}.Debug|Mixed Platforms.Build.0 = Debug|Win32
		{16C32502-C5B4-39B7-868C-E2BEF01D58FB}.Debug|Win32.ActiveCfg = Debug|Win32
		{16C32502-C5B4-39B7-868C-E2BEF01D58FB}.Debug|Win32.Build.0 = Debug|Win32
		{16C32502-C5B4-39B7-868C-E2BEF01D58FB}.Debug|x86.ActiveCfg = Debug|Win32
		{16C32502-C5B4-39B7-868C-E2BEF01D58FB}.Release|Mixed Platforms.ActiveCfg = Release|Win32
		{16C32502-C5B4-39B7-868C-E2BEF01D58FB}.Release|Mixed Platforms.Build.0 = Release|Win32
		{16C32502-C5B4-39B7-868C-E2BEF01D58FB}.Release|Win32.ActiveCfg = Release|Win32
		{16C32502-C5B4-39B7-868C-E2BEF01D58FB}.Release|Win32.Build.0 = Release|Win32
		{16C32502-C5B4-39B7-868C-E2BEF01D58FB}.Release|x86.ActiveCfg = Release|Win32
		{F4EA33DB-FC7C-32A2-9CB5-ED96FD431E19}.Debug|Mixed Platforms.ActiveCfg = Debug|Win32
		{F4EA33DB-FC7C-32A2-9CB5-ED96FD431E19}.Debug|Mixed Platforms.Build.0 = Debug|Win32
		{F4EA33DB-FC7C-32A2-9CB5-ED96FD431E19}.Debug|Win32.ActiveCfg = Debug|Win32
		{F4EA33DB-FC7C-32A2-9CB5-ED96FD431E19}.Debug|Win32.Build.0 = Debug|Win32
		{F4EA33DB-FC7C-32A2-9CB5-ED96FD431E19}.Debug|x86.ActiveCfg = Debug|Win32
		{F4EA33DB-FC7C-32A2-9CB5-ED96FD431E19}.Release|Mixed Platforms.ActiveCfg = Release|Win32
		{F4EA33DB-FC7C-32A2-9CB5-ED96FD431E19}.Release|Mixed Platforms.Build.0 = Release|Win32
		{F4EA33DB-FC7C-32A2-9CB5-ED96FD431E19}.Release|Win32.ActiveCfg = Release|Win32
		{F4EA33DB-FC7C-32A2-9CB5-ED96FD431E19}.Release|Win32.Build.0 = Release|Win32
		{F4EA33DB-FC7C-32A2-9CB5-ED96FD431E19}.Release|x86.ActiveCfg = Release|Win32
		{172F2881-B302-3616-8EA3-B1809A53E221}.Debug|Mixed Platforms.ActiveCfg = Debug|Win32
		{172F2881-B302-3616-8EA3-B1809A53E221}.Debug|Mixed Platforms.Build.0 = Debug|Win32
		{172F2881-B302-3616-8EA3-B1809A53E221}.Debug|Win32.ActiveCfg = Debug|Win32
		{172F2881-B302-3616-8EA3-B1809A53E221}.Debug|Win32.Build.0 = Debug|Win32
		{172F2881-B302-3616-8EA3-B1809A53E221}.Debug|x86.ActiveCfg = Debug|Win32
		{172F2881-B302-3616-8EA3-B1809A53E221}.Release|Mixed Platforms.ActiveCfg = Release|Win32
		{172F2881-B302-3616-8EA3-B1809A53E221}.Release|Mixed Platforms.Build.0 = Release|Win32
		{172F2881-B302-3616-8EA3-B1809A53E221}.Release|Win32.ActiveCfg = Release|Win32
		{172F2881-B302-3616-8EA3-B1809A53E221}.Release|Win32.Build.0 = Release|Win32
		{172F2881-B302-3616-8EA3-B1809A53E221}.Release|x86.ActiveCfg = Release|Win32
		{6AECEB4F-86FF-3D1B-AA1E-D3316F1E5AD2}.Debug|Mixed Platforms.ActiveCfg = Debug|Win32
		{6AECEB4F-86FF-3D1B-AA1E-D3316F1E5AD2}.Debug|Mixed Platforms.Build.0 = Debug|Win32
		{6AECEB4F-86FF-3D1B-AA1E-D3316F1E5AD2}.Debug|Win32.ActiveCfg = Debug|Win32
		{6AECEB4F-86FF-3D1B-AA1E-D3316F1E5AD2}.Debug|Win32.Build.0 = Debug|Win32
		{6AECEB4F-86FF-3D1B-AA1E-D3316F1E5AD2}.Debug|x86.ActiveCfg = Debug|Win32
		{6AECEB4F-86FF-3D1B-AA1E-D3316F1E5AD2}.Release|Mixed Platforms.ActiveCfg = Release|Win32
		{6AECEB4F-86FF-3D1B-AA1E-D3316F1E5AD2}.Release|Mixed Platforms.Build.0 = Release|Win32
		{6AECEB4F-86FF-3D1B-AA1E-D3316F1E5AD2}.Release|Win32.ActiveCfg = Release|Win32
		{6AECEB4F-86FF-3D1B-AA1E-D3316F1E5AD2}.Release|Win32.Build.0 = Release|Win32
		{6AECEB4F-86FF-3D1B-AA1E-D3316F1E5AD2}.Release|x86.ActiveCfg = Release|Win32
		{8C64C7C9-BDE0-3BA6-8F20-6B60567310CC}.Debug|Mixed Platforms.ActiveCfg = Debug|Win32
		{8C64C7C9-BDE0-3BA6-8F20-6B60567310CC}.Debug|Mixed Platforms.Build.0 = Debug|Win32
		{8C64C7C9-BDE0-3BA6-8F20-6B60567310CC}.Debug|Win32.ActiveCfg = Debug|Win32
		{8C64C7C9-BDE0-3BA6-8F20-6B60567310CC}.Debug|Win32.Build.0 = Debug|Win32
		{8C64C7C9-BDE0-3BA6-8F20-6B60567310CC}.Debug|x86.ActiveCfg = Debug|Win32
		{8C64C7C9-BDE0-3BA6-8F20-6B60567310CC}.Release|Mixed Platforms.ActiveCfg = Release|Win32
		{8C64C7C9-BDE0-3BA6-8F20-6B60567310CC}.Release|Mixed Platforms.Build.0 = Release|Win32
		{8C64C7C9-BDE0-3BA6-8F20-6B60567310CC}.Release|Win32.ActiveCfg = Release|Win32
		{8C64C7C9-BDE0-3BA6-8F20-6B60567310CC}.Release|Win32.Build.0 = Release|Win32
		{8C64C7C9-BDE0-3BA6-8F20-6B60567310CC}.Release|x86.ActiveCfg = Release|Win32
		{C765DA63-05C4-3D3E-AC44-F54F551E9115}.Debug|Mixed Platforms.ActiveCfg = Debug|Win32
		{C765DA63-05C4-3D3E-AC44-F54F551E9115}.Debug|Mixed Platforms.Build.0 = Debug|Win32
		{C765DA63-05C4-3D3E-AC44-F54F551E9115}.Debug|Win32.ActiveCfg = Debug|Win32
		{C765DA63-05C4-3D3E-AC44-F54F551E9115}.Debug|Win32.Build.0 = Debug|Win32
		{C765DA63-05C4-3D3E-AC44-F54F551E9115}.Debug|x86.ActiveCfg = Debug|Win32
		{C765DA63-05C4-3D3E-AC44-F54F551E9115}.Release|Mixed Platforms.ActiveCfg = Release|Win32
		{C765DA63-05C4-3D3E-AC44-F54F551E9115}.Release|Mixed Platforms.Build.0 = Release|Win32
		{C765DA63-05C4-3D3E-AC44-F54F551E9115}.Release|Win32.ActiveCfg = Release|Win32
		{C765DA63-05C4-3D3E-AC44-F54F551E9115}.Release|Win32.Build.0 = Release|Win32
		{C765DA63-05C4-3D3E-AC44-F54F551E9115}.Release|x86.ActiveCfg = Release|Win32
		{54B0C74E-9E2E-34D7-A443-BED709617E7F}.Debug|Mixed Platforms.ActiveCfg = Debug|Win32
		{54B0C74E-9E2E-34D7-A443-BED709617E7F}.Debug|Mixed Platforms.Build.0 = Debug|Win32
		{54B0C74E-9E2E-34D7-A443-BED709617E7F}.Debug|Win32.ActiveCfg = Debug|Win32
		{54B0C74E-9E2E-34D7-A443-BED709617E7F}.Debug|Win32.Build.0 = Debug|Win32
		{54B0C74E-9E2E-34D7-A443-BED709617E7F}.Debug|x86.ActiveCfg = Debug|Win32
		{54B0C74E-9E2E-34D7-A443-BED709617E7F}.Release|Mixed Platforms.ActiveCfg = Release|Win32
		{54B0C74E-9E2E-34D7-A443-BED709617E7F}.Release|Mixed Platforms.Build.0 = Release|Win32
		{54B0C74E-9E2E-34D7-A443-BED709617E7F}.Release|Win32.ActiveCfg = Release|Win32
		{54B0C74E-9E2E-34D7-A443-BED709617E7F}.Release|Win32.Build.0 = Release|Win32
		{54B0C74E-9E2E-34D7-A443-BED709617E7F}.Release|x86.ActiveCfg = Release|Win32
		{7EF70F36-62F5-324C-8296-9A14BB1BAD66}.Debug|Mixed Platforms.ActiveCfg = Debug|Win32
		{7EF70F36-62F5-324C-8296-9A14BB1BAD66}.Debug|Mixed Platforms.Build.0 = Debug|Win32
		{7EF70F36-62F5-324C-8296-9A14BB1BAD66}.Debug|Win32.ActiveCfg = Debug|Win32
		{7EF70F36-62F5-324C-8296-9A14BB1BAD66}.Debug|Win32.Build.0 = Debug|Win32
		{7EF70F36-62F5-324C-8296-9A14BB1BAD66}.Debug|x86.ActiveCfg = Debug|Win32
		{7EF70F36-62F5-324C-8296-9A14BB1BAD66}.Release|Mixed Platforms.ActiveCfg = Release|Win32
		{7EF70F36-62F5-324C-8296-9A14BB1BAD66}.Release|Mixed Platforms.Build.0 = Release|Win32
		{7EF70F36-62F5-324C-8296-9A14BB1BAD66}.Release|Win32.ActiveCfg = Release|Win32
		{7EF70F36-62F5-324C-8296-9A14BB1BAD66}.Release|Win32.Build.0 = Release|Win32
		{7EF70F36-62F5-324C-8296-9A14BB1BAD66}.Release|x86.ActiveCfg = Release|Win32
		{41E7EAAD-9DA0-3DE9-B860-7BD20EA59496}.Debug|Mixed Platforms.ActiveCfg = Debug|Win32
		{41E7EAAD-9DA0-3DE9-B860-7BD20EA59496}.Debug|Mixed Platforms.Build.0 = Debug|Win32
		{41E7EAAD-9DA0-3DE9-B860-7BD20EA59496}.Debug|Win32.ActiveCfg = Debug|Win32
		{41E7EAAD-9DA0-3DE9-B860-7BD20EA59496}.Debug|Win32.Build.0 = Debug|Win32
		{41E7EAAD-9DA0-3DE9-B860-7BD20EA59496}.Debug|x86.ActiveCfg = Debug|Win32
		{41E7EAAD-9DA0-3DE9-B860-7BD20EA59496}.Release|Mixed Platforms.ActiveCfg = Release|Win32
		{41E7EAAD-9DA0-3DE9-B860-7BD20EA59496}.Release|Mixed Platforms.Build.0 = Release|Win32
		{41E7EAAD-9DA0-3DE9-B860-7BD20EA59496}.Release|Win32.ActiveCfg = Release|Win32
		{41E7EAAD-9DA0-3DE9-B860-7BD20EA59496}.Release|Win32.Build.0 = Release|Win32
		{41E7EAAD-9DA0-3DE9-B860-7BD20EA59496}.Release|x86.ActiveCfg = Release|Win32
		{A992D67F-EB9A-3BB2-9402-D42E7ABD3659}.Debug|Mixed Platforms.ActiveCfg = Debug|Win32
		{A992D67F-EB9A-3BB2-9402-D42E7ABD3659}.Debug|Mixed Platforms.Build.0 = Debug|Win32
		{A992D67F-EB9A-3BB2-9402-D42E7ABD3659}.Debug|Win32.ActiveCfg = Debug|Win32
		{A992D67F-EB9A-3BB2-9402-D42E7ABD3659}.Debug|Win32.Build.0 = Debug|Win32
		{A992D67F-EB9A-3BB2-9402-D42E7ABD3659}.Debug|x86.ActiveCfg = Debug|Win32
		{A992D67F-EB9A-3BB2-9402-D42E7ABD3659}.Release|Mixed Platforms.ActiveCfg = Release|Win32
		{A992D67F-EB9A-3BB2-9402-D42E7ABD3659}.Release|Mixed Platforms.Build.0 = Release|Win32
		{A992D67F-EB9A-3BB2-9402-D42E7ABD3659}.Release|Win32.ActiveCfg = Release|Win32
		{A992D67F-EB9A-3BB2-9402-D42E7ABD3659}.Release|Win32.Build.0 = Release|Win32
		{A992D67F-EB9A-3BB2-9402-D42E7ABD3659}.Release|x86.ActiveCfg = Release|Win32
		{D3B0B3C9-E703-39F0-A567-D9CCAE8503DF}.Debug|Mixed Platforms.ActiveCfg = Debug|Win32
		{D3B0B3C9-E703-39F0-A567-D9CCAE8503DF}.Debug|Mixed Platforms.Build.0 = Debug|Win32
		{D3B0B3C9-E703-39F0-A567-D9CCAE8503DF}.Debug|Win32.ActiveCfg = Debug|Win32
		{D3B0B3C9-E703-39F0-A567-D9CCAE8503DF}.Debug|Win32.Build.0 = Debug|Win32
		{D3B0B3C9-E703-39F0-A567-D9CCAE8503DF}.Debug|x86.ActiveCfg = Debug|Win32
		{D3B0B3C9-E703-39F0-A567-D9CCAE8503DF}.Release|Mixed Platforms.ActiveCfg = Release|Win32
		{D3B0B3C9-E703-39F0-A567-D9CCAE8503DF}.Release|Mixed Platforms.Build.0 = Release|Win32
		{D3B0B3C9-E703-39F0-A567-D9CCAE8503DF}.Release|Win32.ActiveCfg = Release|Win32
		{D3B0B3C9-E703-39F0-A567-D9CCAE8503DF}.Release|Win32.Build.0 = Release|Win32
		{D3B0B3C9-E703-39F0-A567-D9CCAE8503DF}.Release|x86.ActiveCfg = Release|Win32
		{B4C7C7D5-DDE1-30A1-98FF-B91E42E337D5}.Debug|Mixed Platforms.ActiveCfg = Debug|Win32
		{B4C7C7D5-DDE1-30A1-98FF-B91E42E337D5}.Debug|Mixed Platforms.Build.0 = Debug|Win32
		{B4C7C7D5-DDE1-30A1-98FF-B91E42E337D5}.Debug|Win32.ActiveCfg = Debug|Win32
		{B4C7C7D5-DDE1-30A1-98FF-B91E42E337D5}.Debug|Win32.Build.0 = Debug|Win32
		{B4C7C7D5-DDE1-30A1-98FF-B91E42E337D5}.Debug|x86.ActiveCfg = Debug|Win32
		{B4C7C7D5-DDE1-30A1-98FF-B91E42E337D5}.Release|Mixed Platforms.ActiveCfg = Release|Win32
		{B4C7C7D5-DDE1-30A1-98FF-B91E42E337D5}.Release|Mixed Platforms.Build.0 = Release|Win32
		{B4C7C7D5-DDE1-30A1-98FF-B91E42E337D5}.Release|Win32.ActiveCfg = Release|Win32
		{B4C7C7D5-DDE1-30A1-98FF-B91E42E337D5}.Release|Win32.Build.0 = Release|Win32
		{B4C7C7D5-DDE1-30A1-98FF-B91E42E337D5}.Release|x86.ActiveCfg = Release|Win32
	EndGlobalSection
	GlobalSection(SolutionProperties) = preSolution
		HideSolutionNode = FALSE
	EndGlobalSection
EndGlobal
